// !$*UTF8*$!
{
	archiveVersion = 1;
	classes = {
	};
	objectVersion = 77;
	objects = {

/* Begin PBXContainerItemProxy section */
		DDB352752CBA10CF0022D4E6 /* PBXContainerItemProxy */ = {
			isa = PBXContainerItemProxy;
			containerPortal = DDB3525C2CBA10CE0022D4E6 /* Project object */;
			proxyType = 1;
			remoteGlobalIDString = DDB352632CBA10CE0022D4E6;
			remoteInfo = Assignmentgame;
		};
		DDB3527F2CBA10CF0022D4E6 /* PBXContainerItemProxy */ = {
			isa = PBXContainerItemProxy;
			containerPortal = DDB3525C2CBA10CE0022D4E6 /* Project object */;
			proxyType = 1;
			remoteGlobalIDString = DDB352632CBA10CE0022D4E6;
			remoteInfo = Assignmentgame;
		};
/* End PBXContainerItemProxy section */

/* Begin PBXFileReference section */
		DDB352642CBA10CE0022D4E6 /* Assignmentgame.app */ = {isa = PBXFileReference; explicitFileType = wrapper.application; includeInIndex = 0; path = Assignmentgame.app; sourceTree = BUILT_PRODUCTS_DIR; };
		DDB352742CBA10CF0022D4E6 /* AssignmentgameTests.xctest */ = {isa = PBXFileReference; explicitFileType = wrapper.cfbundle; includeInIndex = 0; path = AssignmentgameTests.xctest; sourceTree = BUILT_PRODUCTS_DIR; };
		DDB3527E2CBA10CF0022D4E6 /* AssignmentgameUITests.xctest */ = {isa = PBXFileReference; explicitFileType = wrapper.cfbundle; includeInIndex = 0; path = AssignmentgameUITests.xctest; sourceTree = BUILT_PRODUCTS_DIR; };
/* End PBXFileReference section */

/* Begin PBXFileSystemSynchronizedRootGroup section */
		DDB352662CBA10CE0022D4E6 /* Assignmentgame */ = {
			isa = PBXFileSystemSynchronizedRootGroup;
			path = Assignmentgame;
			sourceTree = "<group>";
		};
		DDB352772CBA10CF0022D4E6 /* AssignmentgameTests */ = {
			isa = PBXFileSystemSynchronizedRootGroup;
			path = AssignmentgameTests;
			sourceTree = "<group>";
		};
		DDB352812CBA10CF0022D4E6 /* AssignmentgameUITests */ = {
			isa = PBXFileSystemSynchronizedRootGroup;
			path = AssignmentgameUITests;
			sourceTree = "<group>";
		};
/* End PBXFileSystemSynchronizedRootGroup section */

/* Begin PBXFrameworksBuildPhase section */
		DDB352612CBA10CE0022D4E6 /* Frameworks */ = {
			isa = PBXFrameworksBuildPhase;
			buildActionMask = 2147483647;
			files = (
			);
			runOnlyForDeploymentPostprocessing = 0;
		};
		DDB352712CBA10CF0022D4E6 /* Frameworks */ = {
			isa = PBXFrameworksBuildPhase;
			buildActionMask = 2147483647;
			files = (
			);
			runOnlyForDeploymentPostprocessing = 0;
		};
		DDB3527B2CBA10CF0022D4E6 /* Frameworks */ = {
			isa = PBXFrameworksBuildPhase;
			buildActionMask = 2147483647;
			files = (
			);
			runOnlyForDeploymentPostprocessing = 0;
		};
/* End PBXFrameworksBuildPhase section */

/* Begin PBXGroup section */
		DDB3525B2CBA10CE0022D4E6 = {
			isa = PBXGroup;
			children = (
				DDB352662CBA10CE0022D4E6 /* Assignmentgame */,
				DDB352772CBA10CF0022D4E6 /* AssignmentgameTests */,
				DDB352812CBA10CF0022D4E6 /* AssignmentgameUITests */,
				DDB352652CBA10CE0022D4E6 /* Products */,
			);
			sourceTree = "<group>";
		};
		DDB352652CBA10CE0022D4E6 /* Products */ = {
			isa = PBXGroup;
			children = (
				DDB352642CBA10CE0022D4E6 /* Assignmentgame.app */,
				DDB352742CBA10CF0022D4E6 /* AssignmentgameTests.xctest */,
				DDB3527E2CBA10CF0022D4E6 /* AssignmentgameUITests.xctest */,
			);
			name = Products;
			sourceTree = "<group>";
		};
/* End PBXGroup section */

/* Begin PBXNativeTarget section */
		DDB352632CBA10CE0022D4E6 /* Assignmentgame */ = {
			isa = PBXNativeTarget;
			buildConfigurationList = DDB352882CBA10CF0022D4E6 /* Build configuration list for PBXNativeTarget "Assignmentgame" */;
			buildPhases = (
				DDB352602CBA10CE0022D4E6 /* Sources */,
				DDB352612CBA10CE0022D4E6 /* Frameworks */,
				DDB352622CBA10CE0022D4E6 /* Resources */,
			);
			buildRules = (
			);
			dependencies = (
			);
			fileSystemSynchronizedGroups = (
				DDB352662CBA10CE0022D4E6 /* Assignmentgame */,
			);
			name = Assignmentgame;
			packageProductDependencies = (
			);
			productName = Assignmentgame;
			productReference = DDB352642CBA10CE0022D4E6 /* Assignmentgame.app */;
			productType = "com.apple.product-type.application";
		};
		DDB352732CBA10CF0022D4E6 /* AssignmentgameTests */ = {
			isa = PBXNativeTarget;
			buildConfigurationList = DDB3528B2CBA10CF0022D4E6 /* Build configuration list for PBXNativeTarget "AssignmentgameTests" */;
			buildPhases = (
				DDB352702CBA10CF0022D4E6 /* Sources */,
				DDB352712CBA10CF0022D4E6 /* Frameworks */,
				DDB352722CBA10CF0022D4E6 /* Resources */,
			);
			buildRules = (
			);
			dependencies = (
				DDB352762CBA10CF0022D4E6 /* PBXTargetDependency */,
			);
			fileSystemSynchronizedGroups = (
				DDB352772CBA10CF0022D4E6 /* AssignmentgameTests */,
			);
			name = AssignmentgameTests;
			packageProductDependencies = (
			);
			productName = AssignmentgameTests;
			productReference = DDB352742CBA10CF0022D4E6 /* AssignmentgameTests.xctest */;
			productType = "com.apple.product-type.bundle.unit-test";
		};
		DDB3527D2CBA10CF0022D4E6 /* AssignmentgameUITests */ = {
			isa = PBXNativeTarget;
			buildConfigurationList = DDB3528E2CBA10CF0022D4E6 /* Build configuration list for PBXNativeTarget "AssignmentgameUITests" */;
			buildPhases = (
				DDB3527A2CBA10CF0022D4E6 /* Sources */,
				DDB3527B2CBA10CF0022D4E6 /* Frameworks */,
				DDB3527C2CBA10CF0022D4E6 /* Resources */,
			);
			buildRules = (
			);
			dependencies = (
				DDB352802CBA10CF0022D4E6 /* PBXTargetDependency */,
			);
			fileSystemSynchronizedGroups = (
				DDB352812CBA10CF0022D4E6 /* AssignmentgameUITests */,
			);
			name = AssignmentgameUITests;
			packageProductDependencies = (
			);
			productName = AssignmentgameUITests;
			productReference = DDB3527E2CBA10CF0022D4E6 /* AssignmentgameUITests.xctest */;
			productType = "com.apple.product-type.bundle.ui-testing";
		};
/* End PBXNativeTarget section */

/* Begin PBXProject section */
		DDB3525C2CBA10CE0022D4E6 /* Project object */ = {
			isa = PBXProject;
			attributes = {
				BuildIndependentTargetsInParallel = 1;
				LastSwiftUpdateCheck = 1600;
				LastUpgradeCheck = 1600;
				TargetAttributes = {
					DDB352632CBA10CE0022D4E6 = {
						CreatedOnToolsVersion = 16.0;
					};
					DDB352732CBA10CF0022D4E6 = {
						CreatedOnToolsVersion = 16.0;
						TestTargetID = DDB352632CBA10CE0022D4E6;
					};
					DDB3527D2CBA10CF0022D4E6 = {
						CreatedOnToolsVersion = 16.0;
						TestTargetID = DDB352632CBA10CE0022D4E6;
					};
				};
			};
			buildConfigurationList = DDB3525F2CBA10CE0022D4E6 /* Build configuration list for PBXProject "Assignmentgame" */;
			developmentRegion = en;
			hasScannedForEncodings = 0;
			knownRegions = (
				en,
				Base,
			);
			mainGroup = DDB3525B2CBA10CE0022D4E6;
			minimizedProjectReferenceProxies = 1;
			preferredProjectObjectVersion = 77;
			productRefGroup = DDB352652CBA10CE0022D4E6 /* Products */;
			projectDirPath = "";
			projectRoot = "";
			targets = (
				DDB352632CBA10CE0022D4E6 /* Assignmentgame */,
				DDB352732CBA10CF0022D4E6 /* AssignmentgameTests */,
				DDB3527D2CBA10CF0022D4E6 /* AssignmentgameUITests */,
			);
		};
/* End PBXProject section */

/* Begin PBXResourcesBuildPhase section */
		DDB352622CBA10CE0022D4E6 /* Resources */ = {
			isa = PBXResourcesBuildPhase;
			buildActionMask = 2147483647;
			files = (
			);
			runOnlyForDeploymentPostprocessing = 0;
		};
		DDB352722CBA10CF0022D4E6 /* Resources */ = {
			isa = PBXResourcesBuildPhase;
			buildActionMask = 2147483647;
			files = (
			);
			runOnlyForDeploymentPostprocessing = 0;
		};
		DDB3527C2CBA10CF0022D4E6 /* Resources */ = {
			isa = PBXResourcesBuildPhase;
			buildActionMask = 2147483647;
			files = (
			);
			runOnlyForDeploymentPostprocessing = 0;
		};
/* End PBXResourcesBuildPhase section */

/* Begin PBXSourcesBuildPhase section */
		DDB352602CBA10CE0022D4E6 /* Sources */ = {
			isa = PBXSourcesBuildPhase;
			buildActionMask = 2147483647;
			files = (
			);
			runOnlyForDeploymentPostprocessing = 0;
		};
		DDB352702CBA10CF0022D4E6 /* Sources */ = {
			isa = PBXSourcesBuildPhase;
			buildActionMask = 2147483647;
			files = (
			);
			runOnlyForDeploymentPostprocessing = 0;
		};
		DDB3527A2CBA10CF0022D4E6 /* Sources */ = {
			isa = PBXSourcesBuildPhase;
			buildActionMask = 2147483647;
			files = (
			);
			runOnlyForDeploymentPostprocessing = 0;
		};
/* End PBXSourcesBuildPhase section */

/* Begin PBXTargetDependency section */
		DDB352762CBA10CF0022D4E6 /* PBXTargetDependency */ = {
			isa = PBXTargetDependency;
			target = DDB352632CBA10CE0022D4E6 /* Assignmentgame */;
			targetProxy = DDB352752CBA10CF0022D4E6 /* PBXContainerItemProxy */;
		};
		DDB352802CBA10CF0022D4E6 /* PBXTargetDependency */ = {
			isa = PBXTargetDependency;
			target = DDB352632CBA10CE0022D4E6 /* Assignmentgame */;
			targetProxy = DDB3527F2CBA10CF0022D4E6 /* PBXContainerItemProxy */;
		};
/* End PBXTargetDependency section */

/* Begin XCBuildConfiguration section */
		DDB352862CBA10CF0022D4E6 /* Debug */ = {
			isa = XCBuildConfiguration;
			buildSettings = {
				ALWAYS_SEARCH_USER_PATHS = NO;
				ASSETCATALOG_COMPILER_GENERATE_SWIFT_ASSET_SYMBOL_EXTENSIONS = YES;
				CLANG_ANALYZER_NONNULL = YES;
				CLANG_ANALYZER_NUMBER_OBJECT_CONVERSION = YES_AGGRESSIVE;
				CLANG_CXX_LANGUAGE_STANDARD = "gnu++20";
				CLANG_ENABLE_MODULES = YES;
				CLANG_ENABLE_OBJC_ARC = YES;
				CLANG_ENABLE_OBJC_WEAK = YES;
				CLANG_WARN_BLOCK_CAPTURE_AUTORELEASING = YES;
				CLANG_WARN_BOOL_CONVERSION = YES;
				CLANG_WARN_COMMA = YES;
				CLANG_WARN_CONSTANT_CONVERSION = YES;
				CLANG_WARN_DEPRECATED_OBJC_IMPLEMENTATIONS = YES;
				CLANG_WARN_DIRECT_OBJC_ISA_USAGE = YES_ERROR;
				CLANG_WARN_DOCUMENTATION_COMMENTS = YES;
				CLANG_WARN_EMPTY_BODY = YES;
				CLANG_WARN_ENUM_CONVERSION = YES;
				CLANG_WARN_INFINITE_RECURSION = YES;
				CLANG_WARN_INT_CONVERSION = YES;
				CLANG_WARN_NON_LITERAL_NULL_CONVERSION = YES;
				CLANG_WARN_OBJC_IMPLICIT_RETAIN_SELF = YES;
				CLANG_WARN_OBJC_LITERAL_CONVERSION = YES;
				CLANG_WARN_OBJC_ROOT_CLASS = YES_ERROR;
				CLANG_WARN_QUOTED_INCLUDE_IN_FRAMEWORK_HEADER = YES;
				CLANG_WARN_RANGE_LOOP_ANALYSIS = YES;
				CLANG_WARN_STRICT_PROTOTYPES = YES;
				CLANG_WARN_SUSPICIOUS_MOVE = YES;
				CLANG_WARN_UNGUARDED_AVAILABILITY = YES_AGGRESSIVE;
				CLANG_WARN_UNREACHABLE_CODE = YES;
				CLANG_WARN__DUPLICATE_METHOD_MATCH = YES;
				COPY_PHASE_STRIP = NO;
				DEBUG_INFORMATION_FORMAT = dwarf;
				ENABLE_STRICT_OBJC_MSGSEND = YES;
				ENABLE_TESTABILITY = YES;
				ENABLE_USER_SCRIPT_SANDBOXING = YES;
				GCC_C_LANGUAGE_STANDARD = gnu17;
				GCC_DYNAMIC_NO_PIC = NO;
				GCC_NO_COMMON_BLOCKS = YES;
				GCC_OPTIMIZATION_LEVEL = 0;
				GCC_PREPROCESSOR_DEFINITIONS = (
					"DEBUG=1",
					"$(inherited)",
				);
				GCC_WARN_64_TO_32_BIT_CONVERSION = YES;
				GCC_WARN_ABOUT_RETURN_TYPE = YES_ERROR;
				GCC_WARN_UNDECLARED_SELECTOR = YES;
				GCC_WARN_UNINITIALIZED_AUTOS = YES_AGGRESSIVE;
				GCC_WARN_UNUSED_FUNCTION = YES;
				GCC_WARN_UNUSED_VARIABLE = YES;
				IPHONEOS_DEPLOYMENT_TARGET = 18.0;
				LOCALIZATION_PREFERS_STRING_CATALOGS = YES;
				MTL_ENABLE_DEBUG_INFO = INCLUDE_SOURCE;
				MTL_FAST_MATH = YES;
				ONLY_ACTIVE_ARCH = YES;
				SDKROOT = iphoneos;
				SWIFT_ACTIVE_COMPILATION_CONDITIONS = "DEBUG $(inherited)";
				SWIFT_OPTIMIZATION_LEVEL = "-Onone";
			};
			name = Debug;
		};
		DDB352872CBA10CF0022D4E6 /* Release */ = {
			isa = XCBuildConfiguration;
			buildSettings = {
				ALWAYS_SEARCH_USER_PATHS = NO;
				ASSETCATALOG_COMPILER_GENERATE_SWIFT_ASSET_SYMBOL_EXTENSIONS = YES;
				CLANG_ANALYZER_NONNULL = YES;
				CLANG_ANALYZER_NUMBER_OBJECT_CONVERSION = YES_AGGRESSIVE;
				CLANG_CXX_LANGUAGE_STANDARD = "gnu++20";
				CLANG_ENABLE_MODULES = YES;
				CLANG_ENABLE_OBJC_ARC = YES;
				CLANG_ENABLE_OBJC_WEAK = YES;
				CLANG_WARN_BLOCK_CAPTURE_AUTORELEASING = YES;
				CLANG_WARN_BOOL_CONVERSION = YES;
				CLANG_WARN_COMMA = YES;
				CLANG_WARN_CONSTANT_CONVERSION = YES;
				CLANG_WARN_DEPRECATED_OBJC_IMPLEMENTATIONS = YES;
				CLANG_WARN_DIRECT_OBJC_ISA_USAGE = YES_ERROR;
				CLANG_WARN_DOCUMENTATION_COMMENTS = YES;
				CLANG_WARN_EMPTY_BODY = YES;
				CLANG_WARN_ENUM_CONVERSION = YES;
				CLANG_WARN_INFINITE_RECURSION = YES;
				CLANG_WARN_INT_CONVERSION = YES;
				CLANG_WARN_NON_LITERAL_NULL_CONVERSION = YES;
				CLANG_WARN_OBJC_IMPLICIT_RETAIN_SELF = YES;
				CLANG_WARN_OBJC_LITERAL_CONVERSION = YES;
				CLANG_WARN_OBJC_ROOT_CLASS = YES_ERROR;
				CLANG_WARN_QUOTED_INCLUDE_IN_FRAMEWORK_HEADER = YES;
				CLANG_WARN_RANGE_LOOP_ANALYSIS = YES;
				CLANG_WARN_STRICT_PROTOTYPES = YES;
				CLANG_WARN_SUSPICIOUS_MOVE = YES;
				CLANG_WARN_UNGUARDED_AVAILABILITY = YES_AGGRESSIVE;
				CLANG_WARN_UNREACHABLE_CODE = YES;
				CLANG_WARN__DUPLICATE_METHOD_MATCH = YES;
				COPY_PHASE_STRIP = NO;
				DEBUG_INFORMATION_FORMAT = "dwarf-with-dsym";
				ENABLE_NS_ASSERTIONS = NO;
				ENABLE_STRICT_OBJC_MSGSEND = YES;
				ENABLE_USER_SCRIPT_SANDBOXING = YES;
				GCC_C_LANGUAGE_STANDARD = gnu17;
				GCC_NO_COMMON_BLOCKS = YES;
				GCC_WARN_64_TO_32_BIT_CONVERSION = YES;
				GCC_WARN_ABOUT_RETURN_TYPE = YES_ERROR;
				GCC_WARN_UNDECLARED_SELECTOR = YES;
				GCC_WARN_UNINITIALIZED_AUTOS = YES_AGGRESSIVE;
				GCC_WARN_UNUSED_FUNCTION = YES;
				GCC_WARN_UNUSED_VARIABLE = YES;
				IPHONEOS_DEPLOYMENT_TARGET = 18.0;
				LOCALIZATION_PREFERS_STRING_CATALOGS = YES;
				MTL_ENABLE_DEBUG_INFO = NO;
				MTL_FAST_MATH = YES;
				SDKROOT = iphoneos;
				SWIFT_COMPILATION_MODE = wholemodule;
				VALIDATE_PRODUCT = YES;
			};
			name = Release;
		};
		DDB352892CBA10CF0022D4E6 /* Debug */ = {
			isa = XCBuildConfiguration;
			buildSettings = {
				ASSETCATALOG_COMPILER_APPICON_NAME = AppIcon;
				ASSETCATALOG_COMPILER_GLOBAL_ACCENT_COLOR_NAME = AccentColor;
				CODE_SIGN_STYLE = Automatic;
				CURRENT_PROJECT_VERSION = 1;
				DEVELOPMENT_ASSET_PATHS = "\"Assignmentgame/Preview Content\"";
				ENABLE_PREVIEWS = YES;
				GENERATE_INFOPLIST_FILE = YES;
				INFOPLIST_KEY_UIApplicationSceneManifest_Generation = YES;
				INFOPLIST_KEY_UIApplicationSupportsIndirectInputEvents = YES;
				INFOPLIST_KEY_UILaunchScreen_Generation = YES;
				INFOPLIST_KEY_UISupportedInterfaceOrientations_iPad = "UIInterfaceOrientationPortrait UIInterfaceOrientationPortraitUpsideDown UIInterfaceOrientationLandscapeLeft UIInterfaceOrientationLandscapeRight";
				INFOPLIST_KEY_UISupportedInterfaceOrientations_iPhone = "UIInterfaceOrientationPortrait UIInterfaceOrientationLandscapeLeft UIInterfaceOrientationLandscapeRight";
				LD_RUNPATH_SEARCH_PATHS = (
					"$(inherited)",
					"@executable_path/Frameworks",
				);
				MARKETING_VERSION = 1.0;
				PRODUCT_BUNDLE_IDENTIFIER = cd.Assignmentgame;
				PRODUCT_NAME = "$(TARGET_NAME)";
				SWIFT_EMIT_LOC_STRINGS = YES;
				SWIFT_VERSION = 5.0;
				TARGETED_DEVICE_FAMILY = "1,2";
			};
			name = Debug;
		};
		DDB3528A2CBA10CF0022D4E6 /* Release */ = {
			isa = XCBuildConfiguration;
			buildSettings = {
				ASSETCATALOG_COMPILER_APPICON_NAME = AppIcon;
				ASSETCATALOG_COMPILER_GLOBAL_ACCENT_COLOR_NAME = AccentColor;
				CODE_SIGN_STYLE = Automatic;
				CURRENT_PROJECT_VERSION = 1;
				DEVELOPMENT_ASSET_PATHS = "\"Assignmentgame/Preview Content\"";
				ENABLE_PREVIEWS = YES;
				GENERATE_INFOPLIST_FILE = YES;
				INFOPLIST_KEY_UIApplicationSceneManifest_Generation = YES;
				INFOPLIST_KEY_UIApplicationSupportsIndirectInputEvents = YES;
				INFOPLIST_KEY_UILaunchScreen_Generation = YES;
				INFOPLIST_KEY_UISupportedInterfaceOrientations_iPad = "UIInterfaceOrientationPortrait UIInterfaceOrientationPortraitUpsideDown UIInterfaceOrientationLandscapeLeft UIInterfaceOrientationLandscapeRight";
				INFOPLIST_KEY_UISupportedInterfaceOrientations_iPhone = "UIInterfaceOrientationPortrait UIInterfaceOrientationLandscapeLeft UIInterfaceOrientationLandscapeRight";
				LD_RUNPATH_SEARCH_PATHS = (
					"$(inherited)",
					"@executable_path/Frameworks",
				);
				MARKETING_VERSION = 1.0;
				PRODUCT_BUNDLE_IDENTIFIER = cd.Assignmentgame;
				PRODUCT_NAME = "$(TARGET_NAME)";
				SWIFT_EMIT_LOC_STRINGS = YES;
				SWIFT_VERSION = 5.0;
				TARGETED_DEVICE_FAMILY = "1,2";
			};
			name = Release;
		};
		DDB3528C2CBA10CF0022D4E6 /* Debug */ = {
			isa = XCBuildConfiguration;
			buildSettings = {
				BUNDLE_LOADER = "$(TEST_HOST)";
				CODE_SIGN_STYLE = Automatic;
				CURRENT_PROJECT_VERSION = 1;
				GENERATE_INFOPLIST_FILE = YES;
				IPHONEOS_DEPLOYMENT_TARGET = 18.0;
				MARKETING_VERSION = 1.0;
				PRODUCT_BUNDLE_IDENTIFIER = cd.AssignmentgameTests;
				PRODUCT_NAME = "$(TARGET_NAME)";
				SWIFT_EMIT_LOC_STRINGS = NO;
				SWIFT_VERSION = 5.0;
				TARGETED_DEVICE_FAMILY = "1,2";
				TEST_HOST = "$(BUILT_PRODUCTS_DIR)/Assignmentgame.app/$(BUNDLE_EXECUTABLE_FOLDER_PATH)/Assignmentgame";
			};
			name = Debug;
		};
		DDB3528D2CBA10CF0022D4E6 /* Release */ = {
			isa = XCBuildConfiguration;
			buildSettings = {
				BUNDLE_LOADER = "$(TEST_HOST)";
				CODE_SIGN_STYLE = Automatic;
				CURRENT_PROJECT_VERSION = 1;
				GENERATE_INFOPLIST_FILE = YES;
				IPHONEOS_DEPLOYMENT_TARGET = 18.0;
				MARKETING_VERSION = 1.0;
				PRODUCT_BUNDLE_IDENTIFIER = cd.AssignmentgameTests;
				PRODUCT_NAME = "$(TARGET_NAME)";
				SWIFT_EMIT_LOC_STRINGS = NO;
				SWIFT_VERSION = 5.0;
				TARGETED_DEVICE_FAMILY = "1,2";
				TEST_HOST = "$(BUILT_PRODUCTS_DIR)/Assignmentgame.app/$(BUNDLE_EXECUTABLE_FOLDER_PATH)/Assignmentgame";
			};
			name = Release;
		};
		DDB3528F2CBA10CF0022D4E6 /* Debug */ = {
			isa = XCBuildConfiguration;
			buildSettings = {
				CODE_SIGN_STYLE = Automatic;
				CURRENT_PROJECT_VERSION = 1;
				GENERATE_INFOPLIST_FILE = YES;
				MARKETING_VERSION = 1.0;
				PRODUCT_BUNDLE_IDENTIFIER = cd.AssignmentgameUITests;
				PRODUCT_NAME = "$(TARGET_NAME)";
				SWIFT_EMIT_LOC_STRINGS = NO;
				SWIFT_VERSION = 5.0;
				TARGETED_DEVICE_FAMILY = "1,2";
				TEST_TARGET_NAME = Assignmentgame;
			};
			name = Debug;
		};
		DDB352902CBA10CF0022D4E6 /* Release */ = {
			isa = XCBuildConfiguration;
			buildSettings = {
				CODE_SIGN_STYLE = Automatic;
				CURRENT_PROJECT_VERSION = 1;
				GENERATE_INFOPLIST_FILE = YES;
				MARKETING_VERSION = 1.0;
				PRODUCT_BUNDLE_IDENTIFIER = cd.AssignmentgameUITests;
				PRODUCT_NAME = "$(TARGET_NAME)";
				SWIFT_EMIT_LOC_STRINGS = NO;
				SWIFT_VERSION = 5.0;
				TARGETED_DEVICE_FAMILY = "1,2";
				TEST_TARGET_NAME = Assignmentgame;
			};
			name = Release;
		};
/* End XCBuildConfiguration section */

/* Begin XCConfigurationList section */
		DDB3525F2CBA10CE0022D4E6 /* Build configuration list for PBXProject "Assignmentgame" */ = {
			isa = XCConfigurationList;
			buildConfigurations = (
				DDB352862CBA10CF0022D4E6 /* Debug */,
				DDB352872CBA10CF0022D4E6 /* Release */,
			);
			defaultConfigurationIsVisible = 0;
			defaultConfigurationName = Release;
		};
		DDB352882CBA10CF0022D4E6 /* Build configuration list for PBXNativeTarget "Assignmentgame" */ = {
			isa = XCConfigurationList;
			buildConfigurations = (
				DDB352892CBA10CF0022D4E6 /* Debug */,
				DDB3528A2CBA10CF0022D4E6 /* Release */,
			);
			defaultConfigurationIsVisible = 0;
			defaultConfigurationName = Release;
		};
		DDB3528B2CBA10CF0022D4E6 /* Build configuration list for PBXNativeTarget "AssignmentgameTests" */ = {
			isa = XCConfigurationList;
			buildConfigurations = (
				DDB3528C2CBA10CF0022D4E6 /* Debug */,
				DDB3528D2CBA10CF0022D4E6 /* Release */,
			);
			defaultConfigurationIsVisible = 0;
			defaultConfigurationName = Release;
		};
		DDB3528E2CBA10CF0022D4E6 /* Build configuration list for PBXNativeTarget "AssignmentgameUITests" */ = {
			isa = XCConfigurationList;
			buildConfigurations = (
				DDB3528F2CBA10CF0022D4E6 /* Debug */,
				DDB352902CBA10CF0022D4E6 /* Release */,
			);
			defaultConfigurationIsVisible = 0;
			defaultConfigurationName = Release;
		};
/* End XCConfigurationList section */
	};
	rootObject = DDB3525C2CBA10CE0022D4E6 /* Project object */;
}
