// !$*UTF8*$!
{
	archiveVersion = 1;
	classes = {
	};
	objectVersion = 77;
	objects = {

/* Begin PBXContainerItemProxy section */
		DDEDCC902CB0214800F65A88 /* PBXContainerItemProxy */ = {
			isa = PBXContainerItemProxy;
			containerPortal = DDEDCC772CB0214700F65A88 /* Project object */;
			proxyType = 1;
			remoteGlobalIDString = DDEDCC7E2CB0214700F65A88;
			remoteInfo = activityBonus;
		};
		DDEDCC9A2CB0214800F65A88 /* PBXContainerItemProxy */ = {
			isa = PBXContainerItemProxy;
			containerPortal = DDEDCC772CB0214700F65A88 /* Project object */;
			proxyType = 1;
			remoteGlobalIDString = DDEDCC7E2CB0214700F65A88;
			remoteInfo = activityBonus;
		};
/* End PBXContainerItemProxy section */

/* Begin PBXFileReference section */
		DDEDCC7F2CB0214700F65A88 /* activityBonus.app */ = {isa = PBXFileReference; explicitFileType = wrapper.application; includeInIndex = 0; path = activityBonus.app; sourceTree = BUILT_PRODUCTS_DIR; };
		DDEDCC8F2CB0214800F65A88 /* activityBonusTests.xctest */ = {isa = PBXFileReference; explicitFileType = wrapper.cfbundle; includeInIndex = 0; path = activityBonusTests.xctest; sourceTree = BUILT_PRODUCTS_DIR; };
		DDEDCC992CB0214800F65A88 /* activityBonusUITests.xctest */ = {isa = PBXFileReference; explicitFileType = wrapper.cfbundle; includeInIndex = 0; path = activityBonusUITests.xctest; sourceTree = BUILT_PRODUCTS_DIR; };
/* End PBXFileReference section */

/* Begin PBXFileSystemSynchronizedRootGroup section */
		DDEDCC812CB0214700F65A88 /* activityBonus */ = {
			isa = PBXFileSystemSynchronizedRootGroup;
			path = activityBonus;
			sourceTree = "<group>";
		};
		DDEDCC922CB0214800F65A88 /* activityBonusTests */ = {
			isa = PBXFileSystemSynchronizedRootGroup;
			path = activityBonusTests;
			sourceTree = "<group>";
		};
		DDEDCC9C2CB0214800F65A88 /* activityBonusUITests */ = {
			isa = PBXFileSystemSynchronizedRootGroup;
			path = activityBonusUITests;
			sourceTree = "<group>";
		};
/* End PBXFileSystemSynchronizedRootGroup section */

/* Begin PBXFrameworksBuildPhase section */
		DDEDCC7C2CB0214700F65A88 /* Frameworks */ = {
			isa = PBXFrameworksBuildPhase;
			buildActionMask = 2147483647;
			files = (
			);
			runOnlyForDeploymentPostprocessing = 0;
		};
		DDEDCC8C2CB0214800F65A88 /* Frameworks */ = {
			isa = PBXFrameworksBuildPhase;
			buildActionMask = 2147483647;
			files = (
			);
			runOnlyForDeploymentPostprocessing = 0;
		};
		DDEDCC962CB0214800F65A88 /* Frameworks */ = {
			isa = PBXFrameworksBuildPhase;
			buildActionMask = 2147483647;
			files = (
			);
			runOnlyForDeploymentPostprocessing = 0;
		};
/* End PBXFrameworksBuildPhase section */

/* Begin PBXGroup section */
		DDEDCC762CB0214700F65A88 = {
			isa = PBXGroup;
			children = (
				DDEDCC812CB0214700F65A88 /* activityBonus */,
				DDEDCC922CB0214800F65A88 /* activityBonusTests */,
				DDEDCC9C2CB0214800F65A88 /* activityBonusUITests */,
				DDEDCC802CB0214700F65A88 /* Products */,
			);
			sourceTree = "<group>";
		};
		DDEDCC802CB0214700F65A88 /* Products */ = {
			isa = PBXGroup;
			children = (
				DDEDCC7F2CB0214700F65A88 /* activityBonus.app */,
				DDEDCC8F2CB0214800F65A88 /* activityBonusTests.xctest */,
				DDEDCC992CB0214800F65A88 /* activityBonusUITests.xctest */,
			);
			name = Products;
			sourceTree = "<group>";
		};
/* End PBXGroup section */

/* Begin PBXNativeTarget section */
		DDEDCC7E2CB0214700F65A88 /* activityBonus */ = {
			isa = PBXNativeTarget;
			buildConfigurationList = DDEDCCA32CB0214800F65A88 /* Build configuration list for PBXNativeTarget "activityBonus" */;
			buildPhases = (
				DDEDCC7B2CB0214700F65A88 /* Sources */,
				DDEDCC7C2CB0214700F65A88 /* Frameworks */,
				DDEDCC7D2CB0214700F65A88 /* Resources */,
			);
			buildRules = (
			);
			dependencies = (
			);
			fileSystemSynchronizedGroups = (
				DDEDCC812CB0214700F65A88 /* activityBonus */,
			);
			name = activityBonus;
			packageProductDependencies = (
			);
			productName = activityBonus;
			productReference = DDEDCC7F2CB0214700F65A88 /* activityBonus.app */;
			productType = "com.apple.product-type.application";
		};
		DDEDCC8E2CB0214800F65A88 /* activityBonusTests */ = {
			isa = PBXNativeTarget;
			buildConfigurationList = DDEDCCA62CB0214800F65A88 /* Build configuration list for PBXNativeTarget "activityBonusTests" */;
			buildPhases = (
				DDEDCC8B2CB0214800F65A88 /* Sources */,
				DDEDCC8C2CB0214800F65A88 /* Frameworks */,
				DDEDCC8D2CB0214800F65A88 /* Resources */,
			);
			buildRules = (
			);
			dependencies = (
				DDEDCC912CB0214800F65A88 /* PBXTargetDependency */,
			);
			fileSystemSynchronizedGroups = (
				DDEDCC922CB0214800F65A88 /* activityBonusTests */,
			);
			name = activityBonusTests;
			packageProductDependencies = (
			);
			productName = activityBonusTests;
			productReference = DDEDCC8F2CB0214800F65A88 /* activityBonusTests.xctest */;
			productType = "com.apple.product-type.bundle.unit-test";
		};
		DDEDCC982CB0214800F65A88 /* activityBonusUITests */ = {
			isa = PBXNativeTarget;
			buildConfigurationList = DDEDCCA92CB0214800F65A88 /* Build configuration list for PBXNativeTarget "activityBonusUITests" */;
			buildPhases = (
				DDEDCC952CB0214800F65A88 /* Sources */,
				DDEDCC962CB0214800F65A88 /* Frameworks */,
				DDEDCC972CB0214800F65A88 /* Resources */,
			);
			buildRules = (
			);
			dependencies = (
				DDEDCC9B2CB0214800F65A88 /* PBXTargetDependency */,
			);
			fileSystemSynchronizedGroups = (
				DDEDCC9C2CB0214800F65A88 /* activityBonusUITests */,
			);
			name = activityBonusUITests;
			packageProductDependencies = (
			);
			productName = activityBonusUITests;
			productReference = DDEDCC992CB0214800F65A88 /* activityBonusUITests.xctest */;
			productType = "com.apple.product-type.bundle.ui-testing";
		};
/* End PBXNativeTarget section */

/* Begin PBXProject section */
		DDEDCC772CB0214700F65A88 /* Project object */ = {
			isa = PBXProject;
			attributes = {
				BuildIndependentTargetsInParallel = 1;
				LastSwiftUpdateCheck = 1600;
				LastUpgradeCheck = 1600;
				TargetAttributes = {
					DDEDCC7E2CB0214700F65A88 = {
						CreatedOnToolsVersion = 16.0;
					};
					DDEDCC8E2CB0214800F65A88 = {
						CreatedOnToolsVersion = 16.0;
						TestTargetID = DDEDCC7E2CB0214700F65A88;
					};
					DDEDCC982CB0214800F65A88 = {
						CreatedOnToolsVersion = 16.0;
						TestTargetID = DDEDCC7E2CB0214700F65A88;
					};
				};
			};
			buildConfigurationList = DDEDCC7A2CB0214700F65A88 /* Build configuration list for PBXProject "activityBonus" */;
			developmentRegion = en;
			hasScannedForEncodings = 0;
			knownRegions = (
				en,
				Base,
			);
			mainGroup = DDEDCC762CB0214700F65A88;
			minimizedProjectReferenceProxies = 1;
			preferredProjectObjectVersion = 77;
			productRefGroup = DDEDCC802CB0214700F65A88 /* Products */;
			projectDirPath = "";
			projectRoot = "";
			targets = (
				DDEDCC7E2CB0214700F65A88 /* activityBonus */,
				DDEDCC8E2CB0214800F65A88 /* activityBonusTests */,
				DDEDCC982CB0214800F65A88 /* activityBonusUITests */,
			);
		};
/* End PBXProject section */

/* Begin PBXResourcesBuildPhase section */
		DDEDCC7D2CB0214700F65A88 /* Resources */ = {
			isa = PBXResourcesBuildPhase;
			buildActionMask = 2147483647;
			files = (
			);
			runOnlyForDeploymentPostprocessing = 0;
		};
		DDEDCC8D2CB0214800F65A88 /* Resources */ = {
			isa = PBXResourcesBuildPhase;
			buildActionMask = 2147483647;
			files = (
			);
			runOnlyForDeploymentPostprocessing = 0;
		};
		DDEDCC972CB0214800F65A88 /* Resources */ = {
			isa = PBXResourcesBuildPhase;
			buildActionMask = 2147483647;
			files = (
			);
			runOnlyForDeploymentPostprocessing = 0;
		};
/* End PBXResourcesBuildPhase section */

/* Begin PBXSourcesBuildPhase section */
		DDEDCC7B2CB0214700F65A88 /* Sources */ = {
			isa = PBXSourcesBuildPhase;
			buildActionMask = 2147483647;
			files = (
			);
			runOnlyForDeploymentPostprocessing = 0;
		};
		DDEDCC8B2CB0214800F65A88 /* Sources */ = {
			isa = PBXSourcesBuildPhase;
			buildActionMask = 2147483647;
			files = (
			);
			runOnlyForDeploymentPostprocessing = 0;
		};
		DDEDCC952CB0214800F65A88 /* Sources */ = {
			isa = PBXSourcesBuildPhase;
			buildActionMask = 2147483647;
			files = (
			);
			runOnlyForDeploymentPostprocessing = 0;
		};
/* End PBXSourcesBuildPhase section */

/* Begin PBXTargetDependency section */
		DDEDCC912CB0214800F65A88 /* PBXTargetDependency */ = {
			isa = PBXTargetDependency;
			target = DDEDCC7E2CB0214700F65A88 /* activityBonus */;
			targetProxy = DDEDCC902CB0214800F65A88 /* PBXContainerItemProxy */;
		};
		DDEDCC9B2CB0214800F65A88 /* PBXTargetDependency */ = {
			isa = PBXTargetDependency;
			target = DDEDCC7E2CB0214700F65A88 /* activityBonus */;
			targetProxy = DDEDCC9A2CB0214800F65A88 /* PBXContainerItemProxy */;
		};
/* End PBXTargetDependency section */

/* Begin XCBuildConfiguration section */
		DDEDCCA12CB0214800F65A88 /* Debug */ = {
			isa = XCBuildConfiguration;
			buildSettings = {
				ALWAYS_SEARCH_USER_PATHS = NO;
				ASSETCATALOG_COMPILER_GENERATE_SWIFT_ASSET_SYMBOL_EXTENSIONS = YES;
				CLANG_ANALYZER_NONNULL = YES;
				CLANG_ANALYZER_NUMBER_OBJECT_CONVERSION = YES_AGGRESSIVE;
				CLANG_CXX_LANGUAGE_STANDARD = "gnu++20";
				CLANG_ENABLE_MODULES = YES;
				CLANG_ENABLE_OBJC_ARC = YES;
				CLANG_ENABLE_OBJC_WEAK = YES;
				CLANG_WARN_BLOCK_CAPTURE_AUTORELEASING = YES;
				CLANG_WARN_BOOL_CONVERSION = YES;
				CLANG_WARN_COMMA = YES;
				CLANG_WARN_CONSTANT_CONVERSION = YES;
				CLANG_WARN_DEPRECATED_OBJC_IMPLEMENTATIONS = YES;
				CLANG_WARN_DIRECT_OBJC_ISA_USAGE = YES_ERROR;
				CLANG_WARN_DOCUMENTATION_COMMENTS = YES;
				CLANG_WARN_EMPTY_BODY = YES;
				CLANG_WARN_ENUM_CONVERSION = YES;
				CLANG_WARN_INFINITE_RECURSION = YES;
				CLANG_WARN_INT_CONVERSION = YES;
				CLANG_WARN_NON_LITERAL_NULL_CONVERSION = YES;
				CLANG_WARN_OBJC_IMPLICIT_RETAIN_SELF = YES;
				CLANG_WARN_OBJC_LITERAL_CONVERSION = YES;
				CLANG_WARN_OBJC_ROOT_CLASS = YES_ERROR;
				CLANG_WARN_QUOTED_INCLUDE_IN_FRAMEWORK_HEADER = YES;
				CLANG_WARN_RANGE_LOOP_ANALYSIS = YES;
				CLANG_WARN_STRICT_PROTOTYPES = YES;
				CLANG_WARN_SUSPICIOUS_MOVE = YES;
				CLANG_WARN_UNGUARDED_AVAILABILITY = YES_AGGRESSIVE;
				CLANG_WARN_UNREACHABLE_CODE = YES;
				CLANG_WARN__DUPLICATE_METHOD_MATCH = YES;
				COPY_PHASE_STRIP = NO;
				DEBUG_INFORMATION_FORMAT = dwarf;
				ENABLE_STRICT_OBJC_MSGSEND = YES;
				ENABLE_TESTABILITY = YES;
				ENABLE_USER_SCRIPT_SANDBOXING = YES;
				GCC_C_LANGUAGE_STANDARD = gnu17;
				GCC_DYNAMIC_NO_PIC = NO;
				GCC_NO_COMMON_BLOCKS = YES;
				GCC_OPTIMIZATION_LEVEL = 0;
				GCC_PREPROCESSOR_DEFINITIONS = (
					"DEBUG=1",
					"$(inherited)",
				);
				GCC_WARN_64_TO_32_BIT_CONVERSION = YES;
				GCC_WARN_ABOUT_RETURN_TYPE = YES_ERROR;
				GCC_WARN_UNDECLARED_SELECTOR = YES;
				GCC_WARN_UNINITIALIZED_AUTOS = YES_AGGRESSIVE;
				GCC_WARN_UNUSED_FUNCTION = YES;
				GCC_WARN_UNUSED_VARIABLE = YES;
				IPHONEOS_DEPLOYMENT_TARGET = 18.0;
				LOCALIZATION_PREFERS_STRING_CATALOGS = YES;
				MTL_ENABLE_DEBUG_INFO = INCLUDE_SOURCE;
				MTL_FAST_MATH = YES;
				ONLY_ACTIVE_ARCH = YES;
				SDKROOT = iphoneos;
				SWIFT_ACTIVE_COMPILATION_CONDITIONS = "DEBUG $(inherited)";
				SWIFT_OPTIMIZATION_LEVEL = "-Onone";
			};
			name = Debug;
		};
		DDEDCCA22CB0214800F65A88 /* Release */ = {
			isa = XCBuildConfiguration;
			buildSettings = {
				ALWAYS_SEARCH_USER_PATHS = NO;
				ASSETCATALOG_COMPILER_GENERATE_SWIFT_ASSET_SYMBOL_EXTENSIONS = YES;
				CLANG_ANALYZER_NONNULL = YES;
				CLANG_ANALYZER_NUMBER_OBJECT_CONVERSION = YES_AGGRESSIVE;
				CLANG_CXX_LANGUAGE_STANDARD = "gnu++20";
				CLANG_ENABLE_MODULES = YES;
				CLANG_ENABLE_OBJC_ARC = YES;
				CLANG_ENABLE_OBJC_WEAK = YES;
				CLANG_WARN_BLOCK_CAPTURE_AUTORELEASING = YES;
				CLANG_WARN_BOOL_CONVERSION = YES;
				CLANG_WARN_COMMA = YES;
				CLANG_WARN_CONSTANT_CONVERSION = YES;
				CLANG_WARN_DEPRECATED_OBJC_IMPLEMENTATIONS = YES;
				CLANG_WARN_DIRECT_OBJC_ISA_USAGE = YES_ERROR;
				CLANG_WARN_DOCUMENTATION_COMMENTS = YES;
				CLANG_WARN_EMPTY_BODY = YES;
				CLANG_WARN_ENUM_CONVERSION = YES;
				CLANG_WARN_INFINITE_RECURSION = YES;
				CLANG_WARN_INT_CONVERSION = YES;
				CLANG_WARN_NON_LITERAL_NULL_CONVERSION = YES;
				CLANG_WARN_OBJC_IMPLICIT_RETAIN_SELF = YES;
				CLANG_WARN_OBJC_LITERAL_CONVERSION = YES;
				CLANG_WARN_OBJC_ROOT_CLASS = YES_ERROR;
				CLANG_WARN_QUOTED_INCLUDE_IN_FRAMEWORK_HEADER = YES;
				CLANG_WARN_RANGE_LOOP_ANALYSIS = YES;
				CLANG_WARN_STRICT_PROTOTYPES = YES;
				CLANG_WARN_SUSPICIOUS_MOVE = YES;
				CLANG_WARN_UNGUARDED_AVAILABILITY = YES_AGGRESSIVE;
				CLANG_WARN_UNREACHABLE_CODE = YES;
				CLANG_WARN__DUPLICATE_METHOD_MATCH = YES;
				COPY_PHASE_STRIP = NO;
				DEBUG_INFORMATION_FORMAT = "dwarf-with-dsym";
				ENABLE_NS_ASSERTIONS = NO;
				ENABLE_STRICT_OBJC_MSGSEND = YES;
				ENABLE_USER_SCRIPT_SANDBOXING = YES;
				GCC_C_LANGUAGE_STANDARD = gnu17;
				GCC_NO_COMMON_BLOCKS = YES;
				GCC_WARN_64_TO_32_BIT_CONVERSION = YES;
				GCC_WARN_ABOUT_RETURN_TYPE = YES_ERROR;
				GCC_WARN_UNDECLARED_SELECTOR = YES;
				GCC_WARN_UNINITIALIZED_AUTOS = YES_AGGRESSIVE;
				GCC_WARN_UNUSED_FUNCTION = YES;
				GCC_WARN_UNUSED_VARIABLE = YES;
				IPHONEOS_DEPLOYMENT_TARGET = 18.0;
				LOCALIZATION_PREFERS_STRING_CATALOGS = YES;
				MTL_ENABLE_DEBUG_INFO = NO;
				MTL_FAST_MATH = YES;
				SDKROOT = iphoneos;
				SWIFT_COMPILATION_MODE = wholemodule;
				VALIDATE_PRODUCT = YES;
			};
			name = Release;
		};
		DDEDCCA42CB0214800F65A88 /* Debug */ = {
			isa = XCBuildConfiguration;
			buildSettings = {
				ASSETCATALOG_COMPILER_APPICON_NAME = AppIcon;
				ASSETCATALOG_COMPILER_GLOBAL_ACCENT_COLOR_NAME = AccentColor;
				CODE_SIGN_STYLE = Automatic;
				CURRENT_PROJECT_VERSION = 1;
				DEVELOPMENT_ASSET_PATHS = "\"activityBonus/Preview Content\"";
				ENABLE_PREVIEWS = YES;
				GENERATE_INFOPLIST_FILE = YES;
				INFOPLIST_KEY_UIApplicationSceneManifest_Generation = YES;
				INFOPLIST_KEY_UIApplicationSupportsIndirectInputEvents = YES;
				INFOPLIST_KEY_UILaunchScreen_Generation = YES;
				INFOPLIST_KEY_UISupportedInterfaceOrientations_iPad = "UIInterfaceOrientationPortrait UIInterfaceOrientationPortraitUpsideDown UIInterfaceOrientationLandscapeLeft UIInterfaceOrientationLandscapeRight";
				INFOPLIST_KEY_UISupportedInterfaceOrientations_iPhone = "UIInterfaceOrientationPortrait UIInterfaceOrientationLandscapeLeft UIInterfaceOrientationLandscapeRight";
				LD_RUNPATH_SEARCH_PATHS = (
					"$(inherited)",
					"@executable_path/Frameworks",
				);
				MARKETING_VERSION = 1.0;
				PRODUCT_BUNDLE_IDENTIFIER = cd.activityBonus;
				PRODUCT_NAME = "$(TARGET_NAME)";
				SWIFT_EMIT_LOC_STRINGS = YES;
				SWIFT_VERSION = 5.0;
				TARGETED_DEVICE_FAMILY = "1,2";
			};
			name = Debug;
		};
		DDEDCCA52CB0214800F65A88 /* Release */ = {
			isa = XCBuildConfiguration;
			buildSettings = {
				ASSETCATALOG_COMPILER_APPICON_NAME = AppIcon;
				ASSETCATALOG_COMPILER_GLOBAL_ACCENT_COLOR_NAME = AccentColor;
				CODE_SIGN_STYLE = Automatic;
				CURRENT_PROJECT_VERSION = 1;
				DEVELOPMENT_ASSET_PATHS = "\"activityBonus/Preview Content\"";
				ENABLE_PREVIEWS = YES;
				GENERATE_INFOPLIST_FILE = YES;
				INFOPLIST_KEY_UIApplicationSceneManifest_Generation = YES;
				INFOPLIST_KEY_UIApplicationSupportsIndirectInputEvents = YES;
				INFOPLIST_KEY_UILaunchScreen_Generation = YES;
				INFOPLIST_KEY_UISupportedInterfaceOrientations_iPad = "UIInterfaceOrientationPortrait UIInterfaceOrientationPortraitUpsideDown UIInterfaceOrientationLandscapeLeft UIInterfaceOrientationLandscapeRight";
				INFOPLIST_KEY_UISupportedInterfaceOrientations_iPhone = "UIInterfaceOrientationPortrait UIInterfaceOrientationLandscapeLeft UIInterfaceOrientationLandscapeRight";
				LD_RUNPATH_SEARCH_PATHS = (
					"$(inherited)",
					"@executable_path/Frameworks",
				);
				MARKETING_VERSION = 1.0;
				PRODUCT_BUNDLE_IDENTIFIER = cd.activityBonus;
				PRODUCT_NAME = "$(TARGET_NAME)";
				SWIFT_EMIT_LOC_STRINGS = YES;
				SWIFT_VERSION = 5.0;
				TARGETED_DEVICE_FAMILY = "1,2";
			};
			name = Release;
		};
		DDEDCCA72CB0214800F65A88 /* Debug */ = {
			isa = XCBuildConfiguration;
			buildSettings = {
				BUNDLE_LOADER = "$(TEST_HOST)";
				CODE_SIGN_STYLE = Automatic;
				CURRENT_PROJECT_VERSION = 1;
				GENERATE_INFOPLIST_FILE = YES;
				IPHONEOS_DEPLOYMENT_TARGET = 18.0;
				MARKETING_VERSION = 1.0;
				PRODUCT_BUNDLE_IDENTIFIER = cd.activityBonusTests;
				PRODUCT_NAME = "$(TARGET_NAME)";
				SWIFT_EMIT_LOC_STRINGS = NO;
				SWIFT_VERSION = 5.0;
				TARGETED_DEVICE_FAMILY = "1,2";
				TEST_HOST = "$(BUILT_PRODUCTS_DIR)/activityBonus.app/$(BUNDLE_EXECUTABLE_FOLDER_PATH)/activityBonus";
			};
			name = Debug;
		};
		DDEDCCA82CB0214800F65A88 /* Release */ = {
			isa = XCBuildConfiguration;
			buildSettings = {
				BUNDLE_LOADER = "$(TEST_HOST)";
				CODE_SIGN_STYLE = Automatic;
				CURRENT_PROJECT_VERSION = 1;
				GENERATE_INFOPLIST_FILE = YES;
				IPHONEOS_DEPLOYMENT_TARGET = 18.0;
				MARKETING_VERSION = 1.0;
				PRODUCT_BUNDLE_IDENTIFIER = cd.activityBonusTests;
				PRODUCT_NAME = "$(TARGET_NAME)";
				SWIFT_EMIT_LOC_STRINGS = NO;
				SWIFT_VERSION = 5.0;
				TARGETED_DEVICE_FAMILY = "1,2";
				TEST_HOST = "$(BUILT_PRODUCTS_DIR)/activityBonus.app/$(BUNDLE_EXECUTABLE_FOLDER_PATH)/activityBonus";
			};
			name = Release;
		};
		DDEDCCAA2CB0214800F65A88 /* Debug */ = {
			isa = XCBuildConfiguration;
			buildSettings = {
				CODE_SIGN_STYLE = Automatic;
				CURRENT_PROJECT_VERSION = 1;
				GENERATE_INFOPLIST_FILE = YES;
				MARKETING_VERSION = 1.0;
				PRODUCT_BUNDLE_IDENTIFIER = cd.activityBonusUITests;
				PRODUCT_NAME = "$(TARGET_NAME)";
				SWIFT_EMIT_LOC_STRINGS = NO;
				SWIFT_VERSION = 5.0;
				TARGETED_DEVICE_FAMILY = "1,2";
				TEST_TARGET_NAME = activityBonus;
			};
			name = Debug;
		};
		DDEDCCAB2CB0214800F65A88 /* Release */ = {
			isa = XCBuildConfiguration;
			buildSettings = {
				CODE_SIGN_STYLE = Automatic;
				CURRENT_PROJECT_VERSION = 1;
				GENERATE_INFOPLIST_FILE = YES;
				MARKETING_VERSION = 1.0;
				PRODUCT_BUNDLE_IDENTIFIER = cd.activityBonusUITests;
				PRODUCT_NAME = "$(TARGET_NAME)";
				SWIFT_EMIT_LOC_STRINGS = NO;
				SWIFT_VERSION = 5.0;
				TARGETED_DEVICE_FAMILY = "1,2";
				TEST_TARGET_NAME = activityBonus;
			};
			name = Release;
		};
/* End XCBuildConfiguration section */

/* Begin XCConfigurationList section */
		DDEDCC7A2CB0214700F65A88 /* Build configuration list for PBXProject "activityBonus" */ = {
			isa = XCConfigurationList;
			buildConfigurations = (
				DDEDCCA12CB0214800F65A88 /* Debug */,
				DDEDCCA22CB0214800F65A88 /* Release */,
			);
			defaultConfigurationIsVisible = 0;
			defaultConfigurationName = Release;
		};
		DDEDCCA32CB0214800F65A88 /* Build configuration list for PBXNativeTarget "activityBonus" */ = {
			isa = XCConfigurationList;
			buildConfigurations = (
				DDEDCCA42CB0214800F65A88 /* Debug */,
				DDEDCCA52CB0214800F65A88 /* Release */,
			);
			defaultConfigurationIsVisible = 0;
			defaultConfigurationName = Release;
		};
		DDEDCCA62CB0214800F65A88 /* Build configuration list for PBXNativeTarget "activityBonusTests" */ = {
			isa = XCConfigurationList;
			buildConfigurations = (
				DDEDCCA72CB0214800F65A88 /* Debug */,
				DDEDCCA82CB0214800F65A88 /* Release */,
			);
			defaultConfigurationIsVisible = 0;
			defaultConfigurationName = Release;
		};
		DDEDCCA92CB0214800F65A88 /* Build configuration list for PBXNativeTarget "activityBonusUITests" */ = {
			isa = XCConfigurationList;
			buildConfigurations = (
				DDEDCCAA2CB0214800F65A88 /* Debug */,
				DDEDCCAB2CB0214800F65A88 /* Release */,
			);
			defaultConfigurationIsVisible = 0;
			defaultConfigurationName = Release;
		};
/* End XCConfigurationList section */
	};
	rootObject = DDEDCC772CB0214700F65A88 /* Project object */;
}
