// !$*UTF8*$!
{
	archiveVersion = 1;
	classes = {
	};
	objectVersion = 77;
	objects = {

/* Begin PBXContainerItemProxy section */
		DD9AE6CA2CB838F5006E1313 /* PBXContainerItemProxy */ = {
			isa = PBXContainerItemProxy;
			containerPortal = DD9AE6B12CB838F3006E1313 /* Project object */;
			proxyType = 1;
			remoteGlobalIDString = DD9AE6B82CB838F3006E1313;
			remoteInfo = 10Oct;
		};
		DD9AE6D42CB838F5006E1313 /* PBXContainerItemProxy */ = {
			isa = PBXContainerItemProxy;
			containerPortal = DD9AE6B12CB838F3006E1313 /* Project object */;
			proxyType = 1;
			remoteGlobalIDString = DD9AE6B82CB838F3006E1313;
			remoteInfo = 10Oct;
		};
/* End PBXContainerItemProxy section */

/* Begin PBXFileReference section */
		DD9AE6B92CB838F3006E1313 /* 10Oct.app */ = {isa = PBXFileReference; explicitFileType = wrapper.application; includeInIndex = 0; path = 10Oct.app; sourceTree = BUILT_PRODUCTS_DIR; };
		DD9AE6C92CB838F5006E1313 /* 10OctTests.xctest */ = {isa = PBXFileReference; explicitFileType = wrapper.cfbundle; includeInIndex = 0; path = 10OctTests.xctest; sourceTree = BUILT_PRODUCTS_DIR; };
		DD9AE6D32CB838F5006E1313 /* 10OctUITests.xctest */ = {isa = PBXFileReference; explicitFileType = wrapper.cfbundle; includeInIndex = 0; path = 10OctUITests.xctest; sourceTree = BUILT_PRODUCTS_DIR; };
/* End PBXFileReference section */

/* Begin PBXFileSystemSynchronizedRootGroup section */
		DD9AE6BB2CB838F3006E1313 /* 10Oct */ = {
			isa = PBXFileSystemSynchronizedRootGroup;
			path = 10Oct;
			sourceTree = "<group>";
		};
		DD9AE6CC2CB838F5006E1313 /* 10OctTests */ = {
			isa = PBXFileSystemSynchronizedRootGroup;
			path = 10OctTests;
			sourceTree = "<group>";
		};
		DD9AE6D62CB838F5006E1313 /* 10OctUITests */ = {
			isa = PBXFileSystemSynchronizedRootGroup;
			path = 10OctUITests;
			sourceTree = "<group>";
		};
/* End PBXFileSystemSynchronizedRootGroup section */

/* Begin PBXFrameworksBuildPhase section */
		DD9AE6B62CB838F3006E1313 /* Frameworks */ = {
			isa = PBXFrameworksBuildPhase;
			buildActionMask = 2147483647;
			files = (
			);
			runOnlyForDeploymentPostprocessing = 0;
		};
		DD9AE6C62CB838F5006E1313 /* Frameworks */ = {
			isa = PBXFrameworksBuildPhase;
			buildActionMask = 2147483647;
			files = (
			);
			runOnlyForDeploymentPostprocessing = 0;
		};
		DD9AE6D02CB838F5006E1313 /* Frameworks */ = {
			isa = PBXFrameworksBuildPhase;
			buildActionMask = 2147483647;
			files = (
			);
			runOnlyForDeploymentPostprocessing = 0;
		};
/* End PBXFrameworksBuildPhase section */

/* Begin PBXGroup section */
		DD9AE6B02CB838F3006E1313 = {
			isa = PBXGroup;
			children = (
				DD9AE6BB2CB838F3006E1313 /* 10Oct */,
				DD9AE6CC2CB838F5006E1313 /* 10OctTests */,
				DD9AE6D62CB838F5006E1313 /* 10OctUITests */,
				DD9AE6BA2CB838F3006E1313 /* Products */,
			);
			sourceTree = "<group>";
		};
		DD9AE6BA2CB838F3006E1313 /* Products */ = {
			isa = PBXGroup;
			children = (
				DD9AE6B92CB838F3006E1313 /* 10Oct.app */,
				DD9AE6C92CB838F5006E1313 /* 10OctTests.xctest */,
				DD9AE6D32CB838F5006E1313 /* 10OctUITests.xctest */,
			);
			name = Products;
			sourceTree = "<group>";
		};
/* End PBXGroup section */

/* Begin PBXNativeTarget section */
		DD9AE6B82CB838F3006E1313 /* 10Oct */ = {
			isa = PBXNativeTarget;
			buildConfigurationList = DD9AE6DD2CB838F5006E1313 /* Build configuration list for PBXNativeTarget "10Oct" */;
			buildPhases = (
				DD9AE6B52CB838F3006E1313 /* Sources */,
				DD9AE6B62CB838F3006E1313 /* Frameworks */,
				DD9AE6B72CB838F3006E1313 /* Resources */,
			);
			buildRules = (
			);
			dependencies = (
			);
			fileSystemSynchronizedGroups = (
				DD9AE6BB2CB838F3006E1313 /* 10Oct */,
			);
			name = 10Oct;
			packageProductDependencies = (
			);
			productName = 10Oct;
			productReference = DD9AE6B92CB838F3006E1313 /* 10Oct.app */;
			productType = "com.apple.product-type.application";
		};
		DD9AE6C82CB838F5006E1313 /* 10OctTests */ = {
			isa = PBXNativeTarget;
			buildConfigurationList = DD9AE6E02CB838F5006E1313 /* Build configuration list for PBXNativeTarget "10OctTests" */;
			buildPhases = (
				DD9AE6C52CB838F5006E1313 /* Sources */,
				DD9AE6C62CB838F5006E1313 /* Frameworks */,
				DD9AE6C72CB838F5006E1313 /* Resources */,
			);
			buildRules = (
			);
			dependencies = (
				DD9AE6CB2CB838F5006E1313 /* PBXTargetDependency */,
			);
			fileSystemSynchronizedGroups = (
				DD9AE6CC2CB838F5006E1313 /* 10OctTests */,
			);
			name = 10OctTests;
			packageProductDependencies = (
			);
			productName = 10OctTests;
			productReference = DD9AE6C92CB838F5006E1313 /* 10OctTests.xctest */;
			productType = "com.apple.product-type.bundle.unit-test";
		};
		DD9AE6D22CB838F5006E1313 /* 10OctUITests */ = {
			isa = PBXNativeTarget;
			buildConfigurationList = DD9AE6E32CB838F5006E1313 /* Build configuration list for PBXNativeTarget "10OctUITests" */;
			buildPhases = (
				DD9AE6CF2CB838F5006E1313 /* Sources */,
				DD9AE6D02CB838F5006E1313 /* Frameworks */,
				DD9AE6D12CB838F5006E1313 /* Resources */,
			);
			buildRules = (
			);
			dependencies = (
				DD9AE6D52CB838F5006E1313 /* PBXTargetDependency */,
			);
			fileSystemSynchronizedGroups = (
				DD9AE6D62CB838F5006E1313 /* 10OctUITests */,
			);
			name = 10OctUITests;
			packageProductDependencies = (
			);
			productName = 10OctUITests;
			productReference = DD9AE6D32CB838F5006E1313 /* 10OctUITests.xctest */;
			productType = "com.apple.product-type.bundle.ui-testing";
		};
/* End PBXNativeTarget section */

/* Begin PBXProject section */
		DD9AE6B12CB838F3006E1313 /* Project object */ = {
			isa = PBXProject;
			attributes = {
				BuildIndependentTargetsInParallel = 1;
				LastSwiftUpdateCheck = 1600;
				LastUpgradeCheck = 1600;
				TargetAttributes = {
					DD9AE6B82CB838F3006E1313 = {
						CreatedOnToolsVersion = 16.0;
					};
					DD9AE6C82CB838F5006E1313 = {
						CreatedOnToolsVersion = 16.0;
						TestTargetID = DD9AE6B82CB838F3006E1313;
					};
					DD9AE6D22CB838F5006E1313 = {
						CreatedOnToolsVersion = 16.0;
						TestTargetID = DD9AE6B82CB838F3006E1313;
					};
				};
			};
			buildConfigurationList = DD9AE6B42CB838F3006E1313 /* Build configuration list for PBXProject "10Oct" */;
			developmentRegion = en;
			hasScannedForEncodings = 0;
			knownRegions = (
				en,
				Base,
			);
			mainGroup = DD9AE6B02CB838F3006E1313;
			minimizedProjectReferenceProxies = 1;
			preferredProjectObjectVersion = 77;
			productRefGroup = DD9AE6BA2CB838F3006E1313 /* Products */;
			projectDirPath = "";
			projectRoot = "";
			targets = (
				DD9AE6B82CB838F3006E1313 /* 10Oct */,
				DD9AE6C82CB838F5006E1313 /* 10OctTests */,
				DD9AE6D22CB838F5006E1313 /* 10OctUITests */,
			);
		};
/* End PBXProject section */

/* Begin PBXResourcesBuildPhase section */
		DD9AE6B72CB838F3006E1313 /* Resources */ = {
			isa = PBXResourcesBuildPhase;
			buildActionMask = 2147483647;
			files = (
			);
			runOnlyForDeploymentPostprocessing = 0;
		};
		DD9AE6C72CB838F5006E1313 /* Resources */ = {
			isa = PBXResourcesBuildPhase;
			buildActionMask = 2147483647;
			files = (
			);
			runOnlyForDeploymentPostprocessing = 0;
		};
		DD9AE6D12CB838F5006E1313 /* Resources */ = {
			isa = PBXResourcesBuildPhase;
			buildActionMask = 2147483647;
			files = (
			);
			runOnlyForDeploymentPostprocessing = 0;
		};
/* End PBXResourcesBuildPhase section */

/* Begin PBXSourcesBuildPhase section */
		DD9AE6B52CB838F3006E1313 /* Sources */ = {
			isa = PBXSourcesBuildPhase;
			buildActionMask = 2147483647;
			files = (
			);
			runOnlyForDeploymentPostprocessing = 0;
		};
		DD9AE6C52CB838F5006E1313 /* Sources */ = {
			isa = PBXSourcesBuildPhase;
			buildActionMask = 2147483647;
			files = (
			);
			runOnlyForDeploymentPostprocessing = 0;
		};
		DD9AE6CF2CB838F5006E1313 /* Sources */ = {
			isa = PBXSourcesBuildPhase;
			buildActionMask = 2147483647;
			files = (
			);
			runOnlyForDeploymentPostprocessing = 0;
		};
/* End PBXSourcesBuildPhase section */

/* Begin PBXTargetDependency section */
		DD9AE6CB2CB838F5006E1313 /* PBXTargetDependency */ = {
			isa = PBXTargetDependency;
			target = DD9AE6B82CB838F3006E1313 /* 10Oct */;
			targetProxy = DD9AE6CA2CB838F5006E1313 /* PBXContainerItemProxy */;
		};
		DD9AE6D52CB838F5006E1313 /* PBXTargetDependency */ = {
			isa = PBXTargetDependency;
			target = DD9AE6B82CB838F3006E1313 /* 10Oct */;
			targetProxy = DD9AE6D42CB838F5006E1313 /* PBXContainerItemProxy */;
		};
/* End PBXTargetDependency section */

/* Begin XCBuildConfiguration section */
		DD9AE6DB2CB838F5006E1313 /* Debug */ = {
			isa = XCBuildConfiguration;
			buildSettings = {
				ALWAYS_SEARCH_USER_PATHS = NO;
				ASSETCATALOG_COMPILER_GENERATE_SWIFT_ASSET_SYMBOL_EXTENSIONS = YES;
				CLANG_ANALYZER_NONNULL = YES;
				CLANG_ANALYZER_NUMBER_OBJECT_CONVERSION = YES_AGGRESSIVE;
				CLANG_CXX_LANGUAGE_STANDARD = "gnu++20";
				CLANG_ENABLE_MODULES = YES;
				CLANG_ENABLE_OBJC_ARC = YES;
				CLANG_ENABLE_OBJC_WEAK = YES;
				CLANG_WARN_BLOCK_CAPTURE_AUTORELEASING = YES;
				CLANG_WARN_BOOL_CONVERSION = YES;
				CLANG_WARN_COMMA = YES;
				CLANG_WARN_CONSTANT_CONVERSION = YES;
				CLANG_WARN_DEPRECATED_OBJC_IMPLEMENTATIONS = YES;
				CLANG_WARN_DIRECT_OBJC_ISA_USAGE = YES_ERROR;
				CLANG_WARN_DOCUMENTATION_COMMENTS = YES;
				CLANG_WARN_EMPTY_BODY = YES;
				CLANG_WARN_ENUM_CONVERSION = YES;
				CLANG_WARN_INFINITE_RECURSION = YES;
				CLANG_WARN_INT_CONVERSION = YES;
				CLANG_WARN_NON_LITERAL_NULL_CONVERSION = YES;
				CLANG_WARN_OBJC_IMPLICIT_RETAIN_SELF = YES;
				CLANG_WARN_OBJC_LITERAL_CONVERSION = YES;
				CLANG_WARN_OBJC_ROOT_CLASS = YES_ERROR;
				CLANG_WARN_QUOTED_INCLUDE_IN_FRAMEWORK_HEADER = YES;
				CLANG_WARN_RANGE_LOOP_ANALYSIS = YES;
				CLANG_WARN_STRICT_PROTOTYPES = YES;
				CLANG_WARN_SUSPICIOUS_MOVE = YES;
				CLANG_WARN_UNGUARDED_AVAILABILITY = YES_AGGRESSIVE;
				CLANG_WARN_UNREACHABLE_CODE = YES;
				CLANG_WARN__DUPLICATE_METHOD_MATCH = YES;
				COPY_PHASE_STRIP = NO;
				DEBUG_INFORMATION_FORMAT = dwarf;
				ENABLE_STRICT_OBJC_MSGSEND = YES;
				ENABLE_TESTABILITY = YES;
				ENABLE_USER_SCRIPT_SANDBOXING = YES;
				GCC_C_LANGUAGE_STANDARD = gnu17;
				GCC_DYNAMIC_NO_PIC = NO;
				GCC_NO_COMMON_BLOCKS = YES;
				GCC_OPTIMIZATION_LEVEL = 0;
				GCC_PREPROCESSOR_DEFINITIONS = (
					"DEBUG=1",
					"$(inherited)",
				);
				GCC_WARN_64_TO_32_BIT_CONVERSION = YES;
				GCC_WARN_ABOUT_RETURN_TYPE = YES_ERROR;
				GCC_WARN_UNDECLARED_SELECTOR = YES;
				GCC_WARN_UNINITIALIZED_AUTOS = YES_AGGRESSIVE;
				GCC_WARN_UNUSED_FUNCTION = YES;
				GCC_WARN_UNUSED_VARIABLE = YES;
				IPHONEOS_DEPLOYMENT_TARGET = 18.0;
				LOCALIZATION_PREFERS_STRING_CATALOGS = YES;
				MTL_ENABLE_DEBUG_INFO = INCLUDE_SOURCE;
				MTL_FAST_MATH = YES;
				ONLY_ACTIVE_ARCH = YES;
				SDKROOT = iphoneos;
				SWIFT_ACTIVE_COMPILATION_CONDITIONS = "DEBUG $(inherited)";
				SWIFT_OPTIMIZATION_LEVEL = "-Onone";
			};
			name = Debug;
		};
		DD9AE6DC2CB838F5006E1313 /* Release */ = {
			isa = XCBuildConfiguration;
			buildSettings = {
				ALWAYS_SEARCH_USER_PATHS = NO;
				ASSETCATALOG_COMPILER_GENERATE_SWIFT_ASSET_SYMBOL_EXTENSIONS = YES;
				CLANG_ANALYZER_NONNULL = YES;
				CLANG_ANALYZER_NUMBER_OBJECT_CONVERSION = YES_AGGRESSIVE;
				CLANG_CXX_LANGUAGE_STANDARD = "gnu++20";
				CLANG_ENABLE_MODULES = YES;
				CLANG_ENABLE_OBJC_ARC = YES;
				CLANG_ENABLE_OBJC_WEAK = YES;
				CLANG_WARN_BLOCK_CAPTURE_AUTORELEASING = YES;
				CLANG_WARN_BOOL_CONVERSION = YES;
				CLANG_WARN_COMMA = YES;
				CLANG_WARN_CONSTANT_CONVERSION = YES;
				CLANG_WARN_DEPRECATED_OBJC_IMPLEMENTATIONS = YES;
				CLANG_WARN_DIRECT_OBJC_ISA_USAGE = YES_ERROR;
				CLANG_WARN_DOCUMENTATION_COMMENTS = YES;
				CLANG_WARN_EMPTY_BODY = YES;
				CLANG_WARN_ENUM_CONVERSION = YES;
				CLANG_WARN_INFINITE_RECURSION = YES;
				CLANG_WARN_INT_CONVERSION = YES;
				CLANG_WARN_NON_LITERAL_NULL_CONVERSION = YES;
				CLANG_WARN_OBJC_IMPLICIT_RETAIN_SELF = YES;
				CLANG_WARN_OBJC_LITERAL_CONVERSION = YES;
				CLANG_WARN_OBJC_ROOT_CLASS = YES_ERROR;
				CLANG_WARN_QUOTED_INCLUDE_IN_FRAMEWORK_HEADER = YES;
				CLANG_WARN_RANGE_LOOP_ANALYSIS = YES;
				CLANG_WARN_STRICT_PROTOTYPES = YES;
				CLANG_WARN_SUSPICIOUS_MOVE = YES;
				CLANG_WARN_UNGUARDED_AVAILABILITY = YES_AGGRESSIVE;
				CLANG_WARN_UNREACHABLE_CODE = YES;
				CLANG_WARN__DUPLICATE_METHOD_MATCH = YES;
				COPY_PHASE_STRIP = NO;
				DEBUG_INFORMATION_FORMAT = "dwarf-with-dsym";
				ENABLE_NS_ASSERTIONS = NO;
				ENABLE_STRICT_OBJC_MSGSEND = YES;
				ENABLE_USER_SCRIPT_SANDBOXING = YES;
				GCC_C_LANGUAGE_STANDARD = gnu17;
				GCC_NO_COMMON_BLOCKS = YES;
				GCC_WARN_64_TO_32_BIT_CONVERSION = YES;
				GCC_WARN_ABOUT_RETURN_TYPE = YES_ERROR;
				GCC_WARN_UNDECLARED_SELECTOR = YES;
				GCC_WARN_UNINITIALIZED_AUTOS = YES_AGGRESSIVE;
				GCC_WARN_UNUSED_FUNCTION = YES;
				GCC_WARN_UNUSED_VARIABLE = YES;
				IPHONEOS_DEPLOYMENT_TARGET = 18.0;
				LOCALIZATION_PREFERS_STRING_CATALOGS = YES;
				MTL_ENABLE_DEBUG_INFO = NO;
				MTL_FAST_MATH = YES;
				SDKROOT = iphoneos;
				SWIFT_COMPILATION_MODE = wholemodule;
				VALIDATE_PRODUCT = YES;
			};
			name = Release;
		};
		DD9AE6DE2CB838F5006E1313 /* Debug */ = {
			isa = XCBuildConfiguration;
			buildSettings = {
				ASSETCATALOG_COMPILER_APPICON_NAME = AppIcon;
				ASSETCATALOG_COMPILER_GLOBAL_ACCENT_COLOR_NAME = AccentColor;
				CODE_SIGN_STYLE = Automatic;
				CURRENT_PROJECT_VERSION = 1;
				DEVELOPMENT_ASSET_PATHS = "\"10Oct/Preview Content\"";
				ENABLE_PREVIEWS = YES;
				GENERATE_INFOPLIST_FILE = YES;
				INFOPLIST_KEY_UIApplicationSceneManifest_Generation = YES;
				INFOPLIST_KEY_UIApplicationSupportsIndirectInputEvents = YES;
				INFOPLIST_KEY_UILaunchScreen_Generation = YES;
				INFOPLIST_KEY_UISupportedInterfaceOrientations_iPad = "UIInterfaceOrientationPortrait UIInterfaceOrientationPortraitUpsideDown UIInterfaceOrientationLandscapeLeft UIInterfaceOrientationLandscapeRight";
				INFOPLIST_KEY_UISupportedInterfaceOrientations_iPhone = "UIInterfaceOrientationPortrait UIInterfaceOrientationLandscapeLeft UIInterfaceOrientationLandscapeRight";
				LD_RUNPATH_SEARCH_PATHS = (
					"$(inherited)",
					"@executable_path/Frameworks",
				);
				MARKETING_VERSION = 1.0;
				PRODUCT_BUNDLE_IDENTIFIER = "cd.-0Oct";
				PRODUCT_NAME = "$(TARGET_NAME)";
				SWIFT_EMIT_LOC_STRINGS = YES;
				SWIFT_VERSION = 5.0;
				TARGETED_DEVICE_FAMILY = "1,2";
			};
			name = Debug;
		};
		DD9AE6DF2CB838F5006E1313 /* Release */ = {
			isa = XCBuildConfiguration;
			buildSettings = {
				ASSETCATALOG_COMPILER_APPICON_NAME = AppIcon;
				ASSETCATALOG_COMPILER_GLOBAL_ACCENT_COLOR_NAME = AccentColor;
				CODE_SIGN_STYLE = Automatic;
				CURRENT_PROJECT_VERSION = 1;
				DEVELOPMENT_ASSET_PATHS = "\"10Oct/Preview Content\"";
				ENABLE_PREVIEWS = YES;
				GENERATE_INFOPLIST_FILE = YES;
				INFOPLIST_KEY_UIApplicationSceneManifest_Generation = YES;
				INFOPLIST_KEY_UIApplicationSupportsIndirectInputEvents = YES;
				INFOPLIST_KEY_UILaunchScreen_Generation = YES;
				INFOPLIST_KEY_UISupportedInterfaceOrientations_iPad = "UIInterfaceOrientationPortrait UIInterfaceOrientationPortraitUpsideDown UIInterfaceOrientationLandscapeLeft UIInterfaceOrientationLandscapeRight";
				INFOPLIST_KEY_UISupportedInterfaceOrientations_iPhone = "UIInterfaceOrientationPortrait UIInterfaceOrientationLandscapeLeft UIInterfaceOrientationLandscapeRight";
				LD_RUNPATH_SEARCH_PATHS = (
					"$(inherited)",
					"@executable_path/Frameworks",
				);
				MARKETING_VERSION = 1.0;
				PRODUCT_BUNDLE_IDENTIFIER = "cd.-0Oct";
				PRODUCT_NAME = "$(TARGET_NAME)";
				SWIFT_EMIT_LOC_STRINGS = YES;
				SWIFT_VERSION = 5.0;
				TARGETED_DEVICE_FAMILY = "1,2";
			};
			name = Release;
		};
		DD9AE6E12CB838F5006E1313 /* Debug */ = {
			isa = XCBuildConfiguration;
			buildSettings = {
				BUNDLE_LOADER = "$(TEST_HOST)";
				CODE_SIGN_STYLE = Automatic;
				CURRENT_PROJECT_VERSION = 1;
				GENERATE_INFOPLIST_FILE = YES;
				IPHONEOS_DEPLOYMENT_TARGET = 18.0;
				MARKETING_VERSION = 1.0;
				PRODUCT_BUNDLE_IDENTIFIER = "cd.-0OctTests";
				PRODUCT_NAME = "$(TARGET_NAME)";
				SWIFT_EMIT_LOC_STRINGS = NO;
				SWIFT_VERSION = 5.0;
				TARGETED_DEVICE_FAMILY = "1,2";
				TEST_HOST = "$(BUILT_PRODUCTS_DIR)/10Oct.app/$(BUNDLE_EXECUTABLE_FOLDER_PATH)/10Oct";
			};
			name = Debug;
		};
		DD9AE6E22CB838F5006E1313 /* Release */ = {
			isa = XCBuildConfiguration;
			buildSettings = {
				BUNDLE_LOADER = "$(TEST_HOST)";
				CODE_SIGN_STYLE = Automatic;
				CURRENT_PROJECT_VERSION = 1;
				GENERATE_INFOPLIST_FILE = YES;
				IPHONEOS_DEPLOYMENT_TARGET = 18.0;
				MARKETING_VERSION = 1.0;
				PRODUCT_BUNDLE_IDENTIFIER = "cd.-0OctTests";
				PRODUCT_NAME = "$(TARGET_NAME)";
				SWIFT_EMIT_LOC_STRINGS = NO;
				SWIFT_VERSION = 5.0;
				TARGETED_DEVICE_FAMILY = "1,2";
				TEST_HOST = "$(BUILT_PRODUCTS_DIR)/10Oct.app/$(BUNDLE_EXECUTABLE_FOLDER_PATH)/10Oct";
			};
			name = Release;
		};
		DD9AE6E42CB838F5006E1313 /* Debug */ = {
			isa = XCBuildConfiguration;
			buildSettings = {
				CODE_SIGN_STYLE = Automatic;
				CURRENT_PROJECT_VERSION = 1;
				GENERATE_INFOPLIST_FILE = YES;
				MARKETING_VERSION = 1.0;
				PRODUCT_BUNDLE_IDENTIFIER = "cd.-0OctUITests";
				PRODUCT_NAME = "$(TARGET_NAME)";
				SWIFT_EMIT_LOC_STRINGS = NO;
				SWIFT_VERSION = 5.0;
				TARGETED_DEVICE_FAMILY = "1,2";
				TEST_TARGET_NAME = 10Oct;
			};
			name = Debug;
		};
		DD9AE6E52CB838F5006E1313 /* Release */ = {
			isa = XCBuildConfiguration;
			buildSettings = {
				CODE_SIGN_STYLE = Automatic;
				CURRENT_PROJECT_VERSION = 1;
				GENERATE_INFOPLIST_FILE = YES;
				MARKETING_VERSION = 1.0;
				PRODUCT_BUNDLE_IDENTIFIER = "cd.-0OctUITests";
				PRODUCT_NAME = "$(TARGET_NAME)";
				SWIFT_EMIT_LOC_STRINGS = NO;
				SWIFT_VERSION = 5.0;
				TARGETED_DEVICE_FAMILY = "1,2";
				TEST_TARGET_NAME = 10Oct;
			};
			name = Release;
		};
/* End XCBuildConfiguration section */

/* Begin XCConfigurationList section */
		DD9AE6B42CB838F3006E1313 /* Build configuration list for PBXProject "10Oct" */ = {
			isa = XCConfigurationList;
			buildConfigurations = (
				DD9AE6DB2CB838F5006E1313 /* Debug */,
				DD9AE6DC2CB838F5006E1313 /* Release */,
			);
			defaultConfigurationIsVisible = 0;
			defaultConfigurationName = Release;
		};
		DD9AE6DD2CB838F5006E1313 /* Build configuration list for PBXNativeTarget "10Oct" */ = {
			isa = XCConfigurationList;
			buildConfigurations = (
				DD9AE6DE2CB838F5006E1313 /* Debug */,
				DD9AE6DF2CB838F5006E1313 /* Release */,
			);
			defaultConfigurationIsVisible = 0;
			defaultConfigurationName = Release;
		};
		DD9AE6E02CB838F5006E1313 /* Build configuration list for PBXNativeTarget "10OctTests" */ = {
			isa = XCConfigurationList;
			buildConfigurations = (
				DD9AE6E12CB838F5006E1313 /* Debug */,
				DD9AE6E22CB838F5006E1313 /* Release */,
			);
			defaultConfigurationIsVisible = 0;
			defaultConfigurationName = Release;
		};
		DD9AE6E32CB838F5006E1313 /* Build configuration list for PBXNativeTarget "10OctUITests" */ = {
			isa = XCConfigurationList;
			buildConfigurations = (
				DD9AE6E42CB838F5006E1313 /* Debug */,
				DD9AE6E52CB838F5006E1313 /* Release */,
			);
			defaultConfigurationIsVisible = 0;
			defaultConfigurationName = Release;
		};
/* End XCConfigurationList section */
	};
	rootObject = DD9AE6B12CB838F3006E1313 /* Project object */;
}
